
Microsoft Visual Studio Solution File, Format Version 11.00
# Visual Studio 2010
Project("{FAE04EC0-301F-11D3-BF4B-00C04F79EFBC}") = "mapping", "Assembly-CSharp.csproj", "{EE8F12D7-8EF1-6398-32FB-E3724618C0EA}"
EndProject
Project("{FAE04EC0-301F-11D3-BF4B-00C04F79EFBC}") = "mapping", "Assembly-CSharp-Editor.csproj", "{DCCD01BB-9AA0-6E45-2441-BE3298CFC0C9}"
EndProject
Global
	GlobalSection(SolutionConfigurationPlatforms) = preSolution
		Debug|Any CPU = Debug|Any CPU
		Release|Any CPU = Release|Any CPU
	EndGlobalSection
	GlobalSection(ProjectConfigurationPlatforms) = postSolution
		{EE8F12D7-8EF1-6398-32FB-E3724618C0EA}.Debug|Any CPU.ActiveCfg = Debug|Any CPU
		{EE8F12D7-8EF1-6398-32FB-E3724618C0EA}.Debug|Any CPU.Build.0 = Debug|Any CPU
		{EE8F12D7-8EF1-6398-32FB-E3724618C0EA}.Release|Any CPU.ActiveCfg = Release|Any CPU
		{EE8F12D7-8EF1-6398-32FB-E3724618C0EA}.Release|Any CPU.Build.0 = Release|Any CPU
		{DCCD01BB-9AA0-6E45-2441-BE3298CFC0C9}.Debug|Any CPU.ActiveCfg = Debug|Any CPU
		{DCCD01BB-9AA0-6E45-2441-BE3298CFC0C9}.Debug|Any CPU.Build.0 = Debug|Any CPU
		{DCCD01BB-9AA0-6E45-2441-BE3298CFC0C9}.Release|Any CPU.ActiveCfg = Release|Any CPU
		{DCCD01BB-9AA0-6E45-2441-BE3298CFC0C9}.Release|Any CPU.Build.0 = Release|Any CPU
	EndGlobalSection
	GlobalSection(SolutionProperties) = preSolution
		HideSolutionNode = FALSE
	EndGlobalSection
	GlobalSection(MonoDevelopProperties) = preSolution
		StartupItem = Assembly-CSharp.csproj
	EndGlobalSection
EndGlobal
